
Microsoft Visual Studio Solution File, Format Version 12.00
Project("{FAE04EC0-301F-11D3-BF4B-00C04F79EFBC}") = "Application", "Application\Application.csproj", "{9349B296-1F30-442F-A57B-1AE045719F51}"
EndProject
Project("{FAE04EC0-301F-11D3-BF4B-00C04F79EFBC}") = "Domain", "Domain\Domain.csproj", "{8FFFFB49-A647-468A-B16C-0B877386403C}"
EndProject
Project("{FAE04EC0-301F-11D3-BF4B-00C04F79EFBC}") = "Infrastructure", "Infrastructure\Infrastructure.csproj", "{5FE1F166-5B89-488F-AFC5-021144578563}"
EndProject
Project("{FAE04EC0-301F-11D3-BF4B-00C04F79EFBC}") = "Persistence", "Persistence\Persistence.csproj", "{4AAE3AED-4C0D-458A-B5CA-FC033950CDB2}"
EndProject
Project("{FAE04EC0-301F-11D3-BF4B-00C04F79EFBC}") = "DomainServices", "DomainServices\DomainServices.csproj", "{C99C14CD-A5C9-477A-9416-DEE9CD236B95}"
EndProject
Project("{FAE04EC0-301F-11D3-BF4B-00C04F79EFBC}") = "Backoffice", "Backoffice\Backoffice.csproj", "{FDAFD07E-FA7E-4F59-92B5-B488F4ED295D}"
EndProject
Project("{FAE04EC0-301F-11D3-BF4B-00C04F79EFBC}") = "API", "Presentation\API\API.csproj", "{300887D8-1449-4DE0-8334-D18A391E82DC}"
EndProject
Project("{FAE04EC0-301F-11D3-BF4B-00C04F79EFBC}") = "Tests", "Tests\Tests.csproj", "{16917090-A621-45AE-9DFC-762FE3E570CB}"
EndProject
Global
	GlobalSection(SolutionConfigurationPlatforms) = preSolution
		Debug|Any CPU = Debug|Any CPU
		Release|Any CPU = Release|Any CPU
	EndGlobalSection
	GlobalSection(ProjectConfigurationPlatforms) = postSolution
		{9349B296-1F30-442F-A57B-1AE045719F51}.Debug|Any CPU.ActiveCfg = Debug|Any CPU
		{9349B296-1F30-442F-A57B-1AE045719F51}.Debug|Any CPU.Build.0 = Debug|Any CPU
		{9349B296-1F30-442F-A57B-1AE045719F51}.Release|Any CPU.ActiveCfg = Release|Any CPU
		{9349B296-1F30-442F-A57B-1AE045719F51}.Release|Any CPU.Build.0 = Release|Any CPU
		{8FFFFB49-A647-468A-B16C-0B877386403C}.Debug|Any CPU.ActiveCfg = Debug|Any CPU
		{8FFFFB49-A647-468A-B16C-0B877386403C}.Debug|Any CPU.Build.0 = Debug|Any CPU
		{8FFFFB49-A647-468A-B16C-0B877386403C}.Release|Any CPU.ActiveCfg = Release|Any CPU
		{8FFFFB49-A647-468A-B16C-0B877386403C}.Release|Any CPU.Build.0 = Release|Any CPU
		{5FE1F166-5B89-488F-AFC5-021144578563}.Debug|Any CPU.ActiveCfg = Debug|Any CPU
		{5FE1F166-5B89-488F-AFC5-021144578563}.Debug|Any CPU.Build.0 = Debug|Any CPU
		{5FE1F166-5B89-488F-AFC5-021144578563}.Release|Any CPU.ActiveCfg = Release|Any CPU
		{5FE1F166-5B89-488F-AFC5-021144578563}.Release|Any CPU.Build.0 = Release|Any CPU
		{4AAE3AED-4C0D-458A-B5CA-FC033950CDB2}.Debug|Any CPU.ActiveCfg = Debug|Any CPU
		{4AAE3AED-4C0D-458A-B5CA-FC033950CDB2}.Debug|Any CPU.Build.0 = Debug|Any CPU
		{4AAE3AED-4C0D-458A-B5CA-FC033950CDB2}.Release|Any CPU.ActiveCfg = Release|Any CPU
		{4AAE3AED-4C0D-458A-B5CA-FC033950CDB2}.Release|Any CPU.Build.0 = Release|Any CPU
		{C99C14CD-A5C9-477A-9416-DEE9CD236B95}.Debug|Any CPU.ActiveCfg = Debug|Any CPU
		{C99C14CD-A5C9-477A-9416-DEE9CD236B95}.Debug|Any CPU.Build.0 = Debug|Any CPU
		{C99C14CD-A5C9-477A-9416-DEE9CD236B95}.Release|Any CPU.ActiveCfg = Release|Any CPU
		{C99C14CD-A5C9-477A-9416-DEE9CD236B95}.Release|Any CPU.Build.0 = Release|Any CPU
		{FDAFD07E-FA7E-4F59-92B5-B488F4ED295D}.Debug|Any CPU.ActiveCfg = Debug|Any CPU
		{FDAFD07E-FA7E-4F59-92B5-B488F4ED295D}.Debug|Any CPU.Build.0 = Debug|Any CPU
		{FDAFD07E-FA7E-4F59-92B5-B488F4ED295D}.Release|Any CPU.ActiveCfg = Release|Any CPU
		{FDAFD07E-FA7E-4F59-92B5-B488F4ED295D}.Release|Any CPU.Build.0 = Release|Any CPU
		{300887D8-1449-4DE0-8334-D18A391E82DC}.Debug|Any CPU.ActiveCfg = Debug|Any CPU
		{300887D8-1449-4DE0-8334-D18A391E82DC}.Debug|Any CPU.Build.0 = Debug|Any CPU
		{300887D8-1449-4DE0-8334-D18A391E82DC}.Release|Any CPU.ActiveCfg = Release|Any CPU
		{300887D8-1449-4DE0-8334-D18A391E82DC}.Release|Any CPU.Build.0 = Release|Any CPU
		{16917090-A621-45AE-9DFC-762FE3E570CB}.Debug|Any CPU.ActiveCfg = Debug|Any CPU
		{16917090-A621-45AE-9DFC-762FE3E570CB}.Debug|Any CPU.Build.0 = Debug|Any CPU
		{16917090-A621-45AE-9DFC-762FE3E570CB}.Release|Any CPU.ActiveCfg = Release|Any CPU
		{16917090-A621-45AE-9DFC-762FE3E570CB}.Release|Any CPU.Build.0 = Release|Any CPU
	EndGlobalSection
EndGlobal
